
Microsoft Visual Studio Solution File, Format Version 12.00
# Visual Studio 15
VisualStudioVersion = 15.0.28307.902
MinimumVisualStudioVersion = 10.0.40219.1
Project("{FAE04EC0-301F-11D3-BF4B-00C04F79EFBC}") = "DataAccess", "DataAccess\DataAccess.csproj", "{AF3D499D-CBA9-408A-A854-BEF381DF9424}"
EndProject
Project("{FAE04EC0-301F-11D3-BF4B-00C04F79EFBC}") = "Entities", "Entities\Entities.csproj", "{DC3AB7FF-D250-4BC1-8679-E027BD940DF6}"
EndProject
Project("{FAE04EC0-301F-11D3-BF4B-00C04F79EFBC}") = "Business", "Business\Business.csproj", "{76581465-DCDF-4FC1-BC82-FC76F068EE59}"
EndProject
Project("{FAE04EC0-301F-11D3-BF4B-00C04F79EFBC}") = "ConsoleApp", "ConsoleApp\ConsoleApp.csproj", "{80A01BBB-4FBC-4977-B73A-6D61F5156722}"
EndProject
Global
	GlobalSection(SolutionConfigurationPlatforms) = preSolution
		Debug|Any CPU = Debug|Any CPU
		Release|Any CPU = Release|Any CPU
	EndGlobalSection
	GlobalSection(ProjectConfigurationPlatforms) = postSolution
		{AF3D499D-CBA9-408A-A854-BEF381DF9424}.Debug|Any CPU.ActiveCfg = Debug|Any CPU
		{AF3D499D-CBA9-408A-A854-BEF381DF9424}.Debug|Any CPU.Build.0 = Debug|Any CPU
		{AF3D499D-CBA9-408A-A854-BEF381DF9424}.Release|Any CPU.ActiveCfg = Release|Any CPU
		{AF3D499D-CBA9-408A-A854-BEF381DF9424}.Release|Any CPU.Build.0 = Release|Any CPU
		{DC3AB7FF-D250-4BC1-8679-E027BD940DF6}.Debug|Any CPU.ActiveCfg = Debug|Any CPU
		{DC3AB7FF-D250-4BC1-8679-E027BD940DF6}.Debug|Any CPU.Build.0 = Debug|Any CPU
		{DC3AB7FF-D250-4BC1-8679-E027BD940DF6}.Release|Any CPU.ActiveCfg = Release|Any CPU
		{DC3AB7FF-D250-4BC1-8679-E027BD940DF6}.Release|Any CPU.Build.0 = Release|Any CPU
		{76581465-DCDF-4FC1-BC82-FC76F068EE59}.Debug|Any CPU.ActiveCfg = Debug|Any CPU
		{76581465-DCDF-4FC1-BC82-FC76F068EE59}.Debug|Any CPU.Build.0 = Debug|Any CPU
		{76581465-DCDF-4FC1-BC82-FC76F068EE59}.Release|Any CPU.ActiveCfg = Release|Any CPU
		{76581465-DCDF-4FC1-BC82-FC76F068EE59}.Release|Any CPU.Build.0 = Release|Any CPU
		{80A01BBB-4FBC-4977-B73A-6D61F5156722}.Debug|Any CPU.ActiveCfg = Debug|Any CPU
		{80A01BBB-4FBC-4977-B73A-6D61F5156722}.Debug|Any CPU.Build.0 = Debug|Any CPU
		{80A01BBB-4FBC-4977-B73A-6D61F5156722}.Release|Any CPU.ActiveCfg = Release|Any CPU
		{80A01BBB-4FBC-4977-B73A-6D61F5156722}.Release|Any CPU.Build.0 = Release|Any CPU
	EndGlobalSection
	GlobalSection(SolutionProperties) = preSolution
		HideSolutionNode = FALSE
	EndGlobalSection
	GlobalSection(ExtensibilityGlobals) = postSolution
		SolutionGuid = {135DF413-38AA-47A1-9F97-1B28EA3B5CA7}
	EndGlobalSection
EndGlobal
